
Microsoft Visual Studio Solution File, Format Version 12.00
# Visual Studio Version 17
VisualStudioVersion = 17.8.34316.72
MinimumVisualStudioVersion = 10.0.40219.1
Project("{2150E333-8FDC-42A3-9474-1A3956D46DE8}") = "FrontEnd", "FrontEnd", "{3959EB6E-7FA8-4F60-899D-41CAE0E64DE5}"
EndProject
Project("{2150E333-8FDC-42A3-9474-1A3956D46DE8}") = "Gateway", "Gateway", "{42C8A3D2-A6C3-4A2A-9323-E3291E2AE336}"
EndProject
Project("{2150E333-8FDC-42A3-9474-1A3956D46DE8}") = "Integration", "Integration", "{F7A47DCD-B3C3-4EA6-9776-AA19A84A2334}"
EndProject
Project("{2150E333-8FDC-42A3-9474-1A3956D46DE8}") = "Services", "Services", "{DC30EBD8-394C-4433-A158-BF63548CAE57}"
EndProject
Project("{9A19103F-16F7-4668-BE54-9A1E7A4F7556}") = "Bangla.Services.CouponAPI", "Bangla.Services.CouponAPI\Bangla.Services.CouponAPI.csproj", "{200B7C5D-B741-4749-A025-ADCDBE88B870}"
EndProject
Project("{9A19103F-16F7-4668-BE54-9A1E7A4F7556}") = "Future.Bangla.Web", "Future.Bangla.Web\Future.Bangla.Web.csproj", "{2507F9E3-7811-4357-A1D1-59B658B5D086}"
EndProject
Project("{9A19103F-16F7-4668-BE54-9A1E7A4F7556}") = "Bangla.Services.AuthenticationAPI", "Bangla.Services.AuthenticationAPI\Bangla.Services.AuthenticationAPI.csproj", "{A8F31EE0-0C16-4B1B-ABF8-614E19210D5D}"
EndProject
Project("{9A19103F-16F7-4668-BE54-9A1E7A4F7556}") = "Bangla.Services.ProductAPI", "Bangla.Services.ProductAPI\Bangla.Services.ProductAPI.csproj", "{3A08EAE1-3F7D-444C-A879-CBF3EEC19D6D}"
EndProject
Project("{9A19103F-16F7-4668-BE54-9A1E7A4F7556}") = "Builder.Services.ShoppingCartAPI", "Builder.Services.ShoppingCartAPI\Builder.Services.ShoppingCartAPI.csproj", "{BD3E9A72-3C00-409A-AC29-32EEFBE70A6E}"
EndProject
Project("{9A19103F-16F7-4668-BE54-9A1E7A4F7556}") = "Bangla.MessageBus", "Bangla.MessageBus\Bangla.MessageBus.csproj", "{89AAB5C9-9C49-4B52-B04E-EA19CA57A6EE}"
EndProject
Project("{9A19103F-16F7-4668-BE54-9A1E7A4F7556}") = "Bangla.Services.EmailAPI", "Bangla.Services.EmailAPI\Bangla.Services.EmailAPI.csproj", "{0913D2C5-3F7F-4972-AB2F-4435BC995B49}"
EndProject
Project("{9A19103F-16F7-4668-BE54-9A1E7A4F7556}") = "Bangla.Services.OrderAPI", "Bangla.Services.OrderAPI\Bangla.Services.OrderAPI.csproj", "{32B28878-D17B-46C6-B61E-7FF39B675153}"
EndProject
Project("{FAE04EC0-301F-11D3-BF4B-00C04F79EFBC}") = "Bangla.Services.RewardAPI", "Bangla.Services.RewardAPI\Bangla.Services.RewardAPI.csproj", "{814EFDDE-1CAE-4224-8AFE-444325FA00E9}"
EndProject
Global
	GlobalSection(SolutionConfigurationPlatforms) = preSolution
		Debug|Any CPU = Debug|Any CPU
		Release|Any CPU = Release|Any CPU
	EndGlobalSection
	GlobalSection(ProjectConfigurationPlatforms) = postSolution
		{200B7C5D-B741-4749-A025-ADCDBE88B870}.Debug|Any CPU.ActiveCfg = Debug|Any CPU
		{200B7C5D-B741-4749-A025-ADCDBE88B870}.Debug|Any CPU.Build.0 = Debug|Any CPU
		{200B7C5D-B741-4749-A025-ADCDBE88B870}.Release|Any CPU.ActiveCfg = Release|Any CPU
		{200B7C5D-B741-4749-A025-ADCDBE88B870}.Release|Any CPU.Build.0 = Release|Any CPU
		{2507F9E3-7811-4357-A1D1-59B658B5D086}.Debug|Any CPU.ActiveCfg = Debug|Any CPU
		{2507F9E3-7811-4357-A1D1-59B658B5D086}.Debug|Any CPU.Build.0 = Debug|Any CPU
		{2507F9E3-7811-4357-A1D1-59B658B5D086}.Release|Any CPU.ActiveCfg = Release|Any CPU
		{2507F9E3-7811-4357-A1D1-59B658B5D086}.Release|Any CPU.Build.0 = Release|Any CPU
		{A8F31EE0-0C16-4B1B-ABF8-614E19210D5D}.Debug|Any CPU.ActiveCfg = Debug|Any CPU
		{A8F31EE0-0C16-4B1B-ABF8-614E19210D5D}.Debug|Any CPU.Build.0 = Debug|Any CPU
		{A8F31EE0-0C16-4B1B-ABF8-614E19210D5D}.Release|Any CPU.ActiveCfg = Release|Any CPU
		{A8F31EE0-0C16-4B1B-ABF8-614E19210D5D}.Release|Any CPU.Build.0 = Release|Any CPU
		{3A08EAE1-3F7D-444C-A879-CBF3EEC19D6D}.Debug|Any CPU.ActiveCfg = Debug|Any CPU
		{3A08EAE1-3F7D-444C-A879-CBF3EEC19D6D}.Debug|Any CPU.Build.0 = Debug|Any CPU
		{3A08EAE1-3F7D-444C-A879-CBF3EEC19D6D}.Release|Any CPU.ActiveCfg = Release|Any CPU
		{3A08EAE1-3F7D-444C-A879-CBF3EEC19D6D}.Release|Any CPU.Build.0 = Release|Any CPU
		{BD3E9A72-3C00-409A-AC29-32EEFBE70A6E}.Debug|Any CPU.ActiveCfg = Debug|Any CPU
		{BD3E9A72-3C00-409A-AC29-32EEFBE70A6E}.Debug|Any CPU.Build.0 = Debug|Any CPU
		{BD3E9A72-3C00-409A-AC29-32EEFBE70A6E}.Release|Any CPU.ActiveCfg = Release|Any CPU
		{BD3E9A72-3C00-409A-AC29-32EEFBE70A6E}.Release|Any CPU.Build.0 = Release|Any CPU
		{89AAB5C9-9C49-4B52-B04E-EA19CA57A6EE}.Debug|Any CPU.ActiveCfg = Debug|Any CPU
		{89AAB5C9-9C49-4B52-B04E-EA19CA57A6EE}.Debug|Any CPU.Build.0 = Debug|Any CPU
		{89AAB5C9-9C49-4B52-B04E-EA19CA57A6EE}.Release|Any CPU.ActiveCfg = Release|Any CPU
		{89AAB5C9-9C49-4B52-B04E-EA19CA57A6EE}.Release|Any CPU.Build.0 = Release|Any CPU
		{0913D2C5-3F7F-4972-AB2F-4435BC995B49}.Debug|Any CPU.ActiveCfg = Debug|Any CPU
		{0913D2C5-3F7F-4972-AB2F-4435BC995B49}.Debug|Any CPU.Build.0 = Debug|Any CPU
		{0913D2C5-3F7F-4972-AB2F-4435BC995B49}.Release|Any CPU.ActiveCfg = Release|Any CPU
		{0913D2C5-3F7F-4972-AB2F-4435BC995B49}.Release|Any CPU.Build.0 = Release|Any CPU
		{32B28878-D17B-46C6-B61E-7FF39B675153}.Debug|Any CPU.ActiveCfg = Debug|Any CPU
		{32B28878-D17B-46C6-B61E-7FF39B675153}.Debug|Any CPU.Build.0 = Debug|Any CPU
		{32B28878-D17B-46C6-B61E-7FF39B675153}.Release|Any CPU.ActiveCfg = Release|Any CPU
		{32B28878-D17B-46C6-B61E-7FF39B675153}.Release|Any CPU.Build.0 = Release|Any CPU
		{814EFDDE-1CAE-4224-8AFE-444325FA00E9}.Debug|Any CPU.ActiveCfg = Debug|Any CPU
		{814EFDDE-1CAE-4224-8AFE-444325FA00E9}.Debug|Any CPU.Build.0 = Debug|Any CPU
		{814EFDDE-1CAE-4224-8AFE-444325FA00E9}.Release|Any CPU.ActiveCfg = Release|Any CPU
		{814EFDDE-1CAE-4224-8AFE-444325FA00E9}.Release|Any CPU.Build.0 = Release|Any CPU
	EndGlobalSection
	GlobalSection(SolutionProperties) = preSolution
		HideSolutionNode = FALSE
	EndGlobalSection
	GlobalSection(NestedProjects) = preSolution
		{200B7C5D-B741-4749-A025-ADCDBE88B870} = {DC30EBD8-394C-4433-A158-BF63548CAE57}
		{2507F9E3-7811-4357-A1D1-59B658B5D086} = {3959EB6E-7FA8-4F60-899D-41CAE0E64DE5}
		{A8F31EE0-0C16-4B1B-ABF8-614E19210D5D} = {DC30EBD8-394C-4433-A158-BF63548CAE57}
		{3A08EAE1-3F7D-444C-A879-CBF3EEC19D6D} = {DC30EBD8-394C-4433-A158-BF63548CAE57}
		{BD3E9A72-3C00-409A-AC29-32EEFBE70A6E} = {DC30EBD8-394C-4433-A158-BF63548CAE57}
		{89AAB5C9-9C49-4B52-B04E-EA19CA57A6EE} = {DC30EBD8-394C-4433-A158-BF63548CAE57}
		{0913D2C5-3F7F-4972-AB2F-4435BC995B49} = {DC30EBD8-394C-4433-A158-BF63548CAE57}
		{32B28878-D17B-46C6-B61E-7FF39B675153} = {DC30EBD8-394C-4433-A158-BF63548CAE57}
		{814EFDDE-1CAE-4224-8AFE-444325FA00E9} = {DC30EBD8-394C-4433-A158-BF63548CAE57}
	EndGlobalSection
	GlobalSection(ExtensibilityGlobals) = postSolution
		SolutionGuid = {776C1706-DEEC-4528-BE19-A9589823DF5F}
	EndGlobalSection
EndGlobal
